
Microsoft Visual Studio Solution File, Format Version 12.00
# Visual Studio Version 16
VisualStudioVersion = 16.0.30907.101
MinimumVisualStudioVersion = 10.0.40219.1
Project("{FAE04EC0-301F-11D3-BF4B-00C04F79EFBC}") = "TEST-ARCHITECTURE-DOTNET-CORE-WEB-API", "TEST-ARCHITECTURE-DOTNET-CORE-WEB-API\TEST-ARCHITECTURE-DOTNET-CORE-WEB-API.csproj", "{1B040A4A-BDB5-4577-ADFA-E77082835DE9}"
EndProject
Global
	GlobalSection(SolutionConfigurationPlatforms) = preSolution
		Debug|Any CPU = Debug|Any CPU
		Release|Any CPU = Release|Any CPU
	EndGlobalSection
	GlobalSection(ProjectConfigurationPlatforms) = postSolution
		{1B040A4A-BDB5-4577-ADFA-E77082835DE9}.Debug|Any CPU.ActiveCfg = Debug|Any CPU
		{1B040A4A-BDB5-4577-ADFA-E77082835DE9}.Debug|Any CPU.Build.0 = Debug|Any CPU
		{1B040A4A-BDB5-4577-ADFA-E77082835DE9}.Release|Any CPU.ActiveCfg = Release|Any CPU
		{1B040A4A-BDB5-4577-ADFA-E77082835DE9}.Release|Any CPU.Build.0 = Release|Any CPU
	EndGlobalSection
	GlobalSection(SolutionProperties) = preSolution
		HideSolutionNode = FALSE
	EndGlobalSection
	GlobalSection(ExtensibilityGlobals) = postSolution
		SolutionGuid = {64A5A9F7-DEFF-49D1-9F03-F99720940675}
	EndGlobalSection
EndGlobal
